{
    "_meta": {
        "hash": {
            "sha256": "e71b7482823c602250fb2f4bfcbf546478f19e0196ac9a32583ea38d7e8069b9"
        },
        "pipfile-spec": 6,
        "requires": {
            "python_full_version": "3.11.1",
            "python_version": "3.11"
        },
        "sources": [
            {
                "name": "pypi",
                "url": "https://pypi.org/simple",
                "verify_ssl": true
            }
        ]
    },
    "default": {
        "iniconfig": {
            "hashes": [
                "sha256:2d91e135bf72d31a410b17c16da610a82cb55f6b0477d1a902134b24a455b8b3",
                "sha256:b6a85871a79d2e3b22d2d1b94ac2824226a63c6b741c88f7ae975f18b6778374"
            ],
            "markers": "python_version >= '3.7'",
            "version": "==2.0.0"
        },
        "packaging": {
            "hashes": [
                "sha256:048fb0e9405036518eaaf48a55953c750c11e1a1b68e0dd1a9d62ed0c092cfc5",
                "sha256:8c491190033a9af7e1d931d0b5dacc2ef47509b34dd0de67ed209b5203fc88c7"
            ],
            "markers": "python_version >= '3.7'",
            "version": "==23.2"
        },
        "pluggy": {
            "hashes": [
                "sha256:cf61ae8f126ac6f7c451172cf30e3e43d3ca77615509771b3a984a0730651e12",
                "sha256:d89c696a773f8bd377d18e5ecda92b7a3793cbe66c87060a6fb58c7b6e1061f7"
            ],
            "markers": "python_version >= '3.8'",
            "version": "==1.3.0"
        },
        "pygame": {
            "hashes": [
                "sha256:03879ec299c9f4ba23901b2649a96b2143f0a5d787f0b6c39469989e2320caf1",
                "sha256:074aa6c6e110c925f7f27f00c7733c6303407edc61d738882985091d1eb2ef17",
                "sha256:0e24d05184e4195fe5ebcdce8b18ecb086f00182b9ae460a86682d312ce8d31f",
                "sha256:1822d534bb7fe756804647b6da2c9ea5d7a62d8796b2e15d172d3be085de28c6",
                "sha256:1a2a43802bb5e89ce2b3b775744e78db4f9a201bf8d059b946c61722840ceea8",
                "sha256:1c289f2613c44fe70a1e40769de4a49c5ab5a29b9376f1692bb1a15c9c1c9bfa",
                "sha256:1f3849f97372a3381c66955f99a0d58485ccd513c3d00c030b869094ce6997a6",
                "sha256:224c308856334bc792f696e9278e50d099a87c116f7fc314cd6aa3ff99d21592",
                "sha256:263b4a7cbfc9fe2055abc21b0251cc17dea6dff750f0e1c598919ff350cdbffe",
                "sha256:2b34c73cb328024f8db3cb6487a37e54000148988275d8d6e5adf99d9323c937",
                "sha256:30a8d7cf12363b4140bf2f93b5eec4028376ca1d0fe4b550588f836279485308",
                "sha256:31648d38ecdc2335ffc0e38fb18a84b3339730521505dac68514f83a1092e3f4",
                "sha256:34646ca20e163dc6f6cf8170f1e12a2e41726780112594ac061fa448cf7ccd75",
                "sha256:35632035fd81261f2d797fa810ea8c46111bd78ceb6089d52b61ed7dc3c5d05f",
                "sha256:35cf093a51cb294ede56c29d4acf41538c00f297fcf78a9b186fb7d23c0577b6",
                "sha256:39690e9be9baf58b7359d1f3b2336e1fd6f92fedbbce42987be5df27f8d30718",
                "sha256:3b3e619e33d11c297d7a57a82db40681f9c2c3ae1d5bf06003520b4fe30c435d",
                "sha256:3b8a6e351665ed26ea791f0e1fd649d3f483e8681892caef9d471f488f9ea5ee",
                "sha256:41f8779f52e0f6e6e6ccb8f0b5536e432bf386ee29c721a1c22cada7767b0cef",
                "sha256:47a8415d2bd60e6909823b5643a1d4ef5cc29417d817f2a214b255f6fa3a1e4c",
                "sha256:485239c7d32265fd35b76ae8f64f34b0637ae11e69d76de15710c4b9edcc7c8d",
                "sha256:4f1559e7efe4efb9dc19d2d811d702f325d9605f9f6f9ececa39ee6890c798f5",
                "sha256:4ff21201df6278b8ca2e948fb148ffe88f5481fd03760f381dd61e45954c7dff",
                "sha256:5697528266b4716d9cdd44a5a1d210f4d86ef801d0f64ca5da5d0816704009d9",
                "sha256:677e37bc0ea7afd89dde5a88ced4458aa8656159c70a576eea68b5622ee1997b",
                "sha256:68c4e8e60b725ffc7a6c6ecd9bb5fcc5ed2d6e0e2a2c4a29a8454856ef16ad63",
                "sha256:6cf2257447ce7f2d6de37e5fb019d2bbe32ed05a5721ace8bc78c2d9beaf3aee",
                "sha256:6d58c8cf937815d3b7cdc0fa9590c5129cb2c9658b72d00e8a4568dea2ff1d42",
                "sha256:6fe323acbf53a0195c8c98b1b941eba7ac24e3e2b28ae48e8cda566f15fc4945",
                "sha256:74e1d6284100e294f445832e6f6343be4fe4748decc4f8a51131ae197dae8584",
                "sha256:78fcd7643358b886a44127ff7dec9041c056c212b3a98977674f83f99e9b12d3",
                "sha256:7d0a2794649defa57ef50b096a99f7113d3d0c2e32d1426cafa7d618eadce4c7",
                "sha256:88d1cdacc2d3471eceab98bf0c93c14d3a8461f93e58e3d926f20d4de3a75554",
                "sha256:9b30bc1220c457169571aac998e54b013aaeb732d2fd8744966cb1cfab1f61d1",
                "sha256:9bd738fd4ecc224769d0b4a719f96900a86578e26e0105193658a32966df2aae",
                "sha256:9dcff6cbba1584cf7732ce1dbdd044406cd4f6e296d13bcb7fba963fb4aeefc9",
                "sha256:a0769eb628c818761755eb0a0ca8216b95270ea8cbcbc82227e39ac9644643da",
                "sha256:a0bd67426c02ffe6c9827fc4bcbda9442fbc451d29b17c83a3c088c56fef2c90",
                "sha256:bc12e4dea3e88ea8a553de6d56a37b704dbe2aed95105889f6afeb4b96e62097",
                "sha256:c13edebc43c240fb0532969e914f0ccefff5ae7e50b0b788d08ad2c15ef793e4",
                "sha256:c1b89eb5d539e7ac5cf75513125fb5f2f0a2d918b1fd6e981f23bf0ac1b1c24a",
                "sha256:ce4b6c0bfe44d00bb0998a6517bd0cf9455f642f30f91bc671ad41c05bf6f6ae",
                "sha256:cf2191b756ceb0e8458a761d0c665b0c70b538570449e0d39b75a5ba94ac5cf0",
                "sha256:d29a84b2e02814b9ba925357fd2e1df78efe5e1aa64dc3051eaed95d2b96eafd",
                "sha256:d75cbbfaba2b81434d62631d0b08b85fab16cf4a36e40b80298d3868927e1299",
                "sha256:d78485c4d21133d6b2fbb504cd544ca655e50b6eb551d2995b3aa6035928adda",
                "sha256:d851247239548aa357c4a6840fb67adc2d570ce7cb56988d036a723d26b48bff",
                "sha256:daca456d5b9f52e088e06a127dec182b3638a775684fb2260f25d664351cf1ae",
                "sha256:dc346965847aef00013fa2364f41a64f068cd096dcc7778fc306ca3735f0eedf",
                "sha256:dd2d2650faf54f9a0f5bd0db8409f79609319725f8f08af6507a0609deadcad4",
                "sha256:e58e2b0c791041e4bccafa5bd7650623ba1592b8fe62ae0a276b7d0ecb314b6c",
                "sha256:e708fc8f709a0fe1d1876489345f2e443d47f3976d33455e2e1e937f972f8677",
                "sha256:ed9a3d98adafa0805ccbaaff5d2996a2b5795381285d8437a4a5d248dbd12b4a",
                "sha256:edda1f7cff4806a4fa39e0e8ccd75f38d1d340fa5fc52d8582ade87aca247d92",
                "sha256:f02c1c7505af18d426d355ac9872bd5c916b27f7b0fe224749930662bea47a50",
                "sha256:f30d1618672a55e8c6669281ba264464b3ab563158e40d89e8c8b3faa0febebd",
                "sha256:fe0228501ec616779a0b9c4299e837877783e18df294dd690b9ab0eed3d8aaab"
            ],
            "index": "pypi",
            "version": "==2.5.2"
        },
        "pytest": {
            "hashes": [
                "sha256:0d009c083ea859a71b76adf7c1d502e4bc170b80a8ef002da5806527b9591fac",
                "sha256:d989d136982de4e3b29dabcc838ad581c64e8ed52c11fbe86ddebd9da0818cd5"
            ],
            "index": "pypi",
            "version": "==7.4.3"
        },
        "ruff": {
            "hashes": [
                "sha256:03910e81df0d8db0e30050725a5802441c2022ea3ae4fe0609b76081731accbc",
                "sha256:05991ee20d4ac4bb78385360c684e4b417edd971030ab12a4fbd075ff535050e",
                "sha256:137852105586dcbf80c1717facb6781555c4e99f520c9c827bd414fac67ddfb6",
                "sha256:1610e14750826dfc207ccbcdd7331b6bd285607d4181df9c1c6ae26646d6848a",
                "sha256:1b09f29b16c6ead5ea6b097ef2764b42372aebe363722f1605ecbcd2b9207184",
                "sha256:1cf5f701062e294f2167e66d11b092bba7af6a057668ed618a9253e1e90cfd76",
                "sha256:3a0cd909d25f227ac5c36d4e7e681577275fb74ba3b11d288aff7ec47e3ae745",
                "sha256:4558b3e178145491e9bc3b2ee3c4b42f19d19384eaa5c59d10acf6e8f8b57e33",
                "sha256:491262006e92f825b145cd1e52948073c56560243b55fb3b4ecb142f6f0e9543",
                "sha256:5c549ed437680b6105a1299d2cd30e4964211606eeb48a0ff7a93ef70b902248",
                "sha256:683aa5bdda5a48cb8266fcde8eea2a6af4e5700a392c56ea5fb5f0d4bfdc0240",
                "sha256:87455a0c1f739b3c069e2f4c43b66479a54dea0276dd5d4d67b091265f6fd1dc",
                "sha256:88b8cdf6abf98130991cbc9f6438f35f6e8d41a02622cc5ee130a02a0ed28703",
                "sha256:bd98138a98d48a1c36c394fd6b84cd943ac92a08278aa8ac8c0fdefcf7138f35",
                "sha256:e8fd1c62a47aa88a02707b5dd20c5ff20d035d634aa74826b42a1da77861b5ff",
                "sha256:ea284789861b8b5ca9d5443591a92a397ac183d4351882ab52f6296b4fdd5462",
                "sha256:fd89b45d374935829134a082617954120d7a1470a9f0ec0e7f3ead983edc48cc"
            ],
            "index": "pypi",
            "version": "==0.1.6"
        }
    },
    "develop": {}
}
